{
  "name": "养老",
  "lockfileVersion": 2,
  "requires": true,
  "packages": {
    "": {
      "dependencies": {
        "@vant/weapp": "^1.10.14",
        "mockjs": "^1.1.0"
      }
    },
    "node_modules/@vant/weapp": {
      "version": "1.10.14",
      "resolved": "https://registry.npmmirror.com/@vant/weapp/-/weapp-1.10.14.tgz",
      "integrity": "sha512-5usuhoN1kiOV6pzrdVzHrAux6DupKlGd9w+yYc992Zy1n1wHLZMb1dGM3+xtbNE3tpWE2qv95vIFSMpJRFyE7Q=="
    },
    "node_modules/commander": {
      "version": "10.0.1",
      "resolved": "https://registry.npmmirror.com/commander/-/commander-10.0.1.tgz",
      "integrity": "sha512-y4Mg2tXshplEbSGzx7amzPwKKOCGuoSRP/CjEdwwk0FOGlUbq6lKuoyDZTNZkmxHdJtp54hdfY/JUrdL7Xfdug==",
      "engines": {
        "node": ">=14"
      }
    },
    "node_modules/mockjs": {
      "version": "1.1.0",
      "resolved": "https://registry.npmmirror.com/mockjs/-/mockjs-1.1.0.tgz",
      "integrity": "sha512-eQsKcWzIaZzEZ07NuEyO4Nw65g0hdWAyurVol1IPl1gahRwY+svqzfgfey8U8dahLwG44d6/RwEzuK52rSa/JQ==",
      "dependencies": {
        "commander": "*"
      },
      "bin": {
        "random": "bin/random"
      }
    }
  },
  "dependencies": {
    "@vant/weapp": {
      "version": "1.10.14",
      "resolved": "https://registry.npmmirror.com/@vant/weapp/-/weapp-1.10.14.tgz",
      "integrity": "sha512-5usuhoN1kiOV6pzrdVzHrAux6DupKlGd9w+yYc992Zy1n1wHLZMb1dGM3+xtbNE3tpWE2qv95vIFSMpJRFyE7Q=="
    },
    "commander": {
      "version": "10.0.1",
      "resolved": "https://registry.npmmirror.com/commander/-/commander-10.0.1.tgz",
      "integrity": "sha512-y4Mg2tXshplEbSGzx7amzPwKKOCGuoSRP/CjEdwwk0FOGlUbq6lKuoyDZTNZkmxHdJtp54hdfY/JUrdL7Xfdug=="
    },
    "mockjs": {
      "version": "1.1.0",
      "resolved": "https://registry.npmmirror.com/mockjs/-/mockjs-1.1.0.tgz",
      "integrity": "sha512-eQsKcWzIaZzEZ07NuEyO4Nw65g0hdWAyurVol1IPl1gahRwY+svqzfgfey8U8dahLwG44d6/RwEzuK52rSa/JQ==",
      "requires": {
        "commander": "*"
      }
    }
  }
}
